
Microsoft Visual Studio Solution File, Format Version 12.00
# Visual Studio Version 16
VisualStudioVersion = 16.0.31911.196
MinimumVisualStudioVersion = 10.0.40219.1
Project("{9A19103F-16F7-4668-BE54-9A1E7A4F7556}") = "PlayerService", "UserService\PlayerService.csproj", "{C22258A0-27E1-4601-A1C3-6949AACA96F3}"
EndProject
Project("{9A19103F-16F7-4668-BE54-9A1E7A4F7556}") = "SharedService", "Shared\SharedService.csproj", "{FAC17E83-CEB9-434E-A9D7-D8214D6E3536}"
EndProject
Project("{9A19103F-16F7-4668-BE54-9A1E7A4F7556}") = "GameService", "GameService\GameService.csproj", "{DA0090DC-7549-43D1-9E33-EB6B74F7CD63}"
EndProject
Project("{9A19103F-16F7-4668-BE54-9A1E7A4F7556}") = "ImageScraper", "ImageScraper\ImageScraper.csproj", "{06A5E6EC-81FD-4982-AC18-1CB4BA32DE86}"
EndProject
Project("{9A19103F-16F7-4668-BE54-9A1E7A4F7556}") = "PlayingCardDetection", "PlayingCardDetection\PlayingCardDetection.csproj", "{3FE153D8-46FF-4565-B10A-45DA0F59BD4B}"
EndProject
Project("{9A19103F-16F7-4668-BE54-9A1E7A4F7556}") = "CardML", "CardML\CardML.csproj", "{DF11D4E4-79A7-4FB8-B5D3-9F9004014EF2}"
EndProject
Project("{9A19103F-16F7-4668-BE54-9A1E7A4F7556}") = "CardML_V2", "CardML_V2\CardML_V2.csproj", "{22366BD4-1DF6-4EFF-B984-F1BEC5AEBB0B}"
EndProject
Project("{9A19103F-16F7-4668-BE54-9A1E7A4F7556}") = "CanasticUI", "CanasticUI\CanasticUI.csproj", "{C572C55E-E2E6-460D-8A96-922EBAA3F686}"
EndProject
Global
	GlobalSection(SolutionConfigurationPlatforms) = preSolution
		Debug|Any CPU = Debug|Any CPU
		Release|Any CPU = Release|Any CPU
	EndGlobalSection
	GlobalSection(ProjectConfigurationPlatforms) = postSolution
		{C22258A0-27E1-4601-A1C3-6949AACA96F3}.Debug|Any CPU.ActiveCfg = Debug|Any CPU
		{C22258A0-27E1-4601-A1C3-6949AACA96F3}.Debug|Any CPU.Build.0 = Debug|Any CPU
		{C22258A0-27E1-4601-A1C3-6949AACA96F3}.Release|Any CPU.ActiveCfg = Release|Any CPU
		{C22258A0-27E1-4601-A1C3-6949AACA96F3}.Release|Any CPU.Build.0 = Release|Any CPU
		{FAC17E83-CEB9-434E-A9D7-D8214D6E3536}.Debug|Any CPU.ActiveCfg = Debug|Any CPU
		{FAC17E83-CEB9-434E-A9D7-D8214D6E3536}.Debug|Any CPU.Build.0 = Debug|Any CPU
		{FAC17E83-CEB9-434E-A9D7-D8214D6E3536}.Release|Any CPU.ActiveCfg = Release|Any CPU
		{FAC17E83-CEB9-434E-A9D7-D8214D6E3536}.Release|Any CPU.Build.0 = Release|Any CPU
		{DA0090DC-7549-43D1-9E33-EB6B74F7CD63}.Debug|Any CPU.ActiveCfg = Debug|Any CPU
		{DA0090DC-7549-43D1-9E33-EB6B74F7CD63}.Debug|Any CPU.Build.0 = Debug|Any CPU
		{DA0090DC-7549-43D1-9E33-EB6B74F7CD63}.Release|Any CPU.ActiveCfg = Release|Any CPU
		{DA0090DC-7549-43D1-9E33-EB6B74F7CD63}.Release|Any CPU.Build.0 = Release|Any CPU
		{06A5E6EC-81FD-4982-AC18-1CB4BA32DE86}.Debug|Any CPU.ActiveCfg = Debug|Any CPU
		{06A5E6EC-81FD-4982-AC18-1CB4BA32DE86}.Debug|Any CPU.Build.0 = Debug|Any CPU
		{06A5E6EC-81FD-4982-AC18-1CB4BA32DE86}.Release|Any CPU.ActiveCfg = Release|Any CPU
		{06A5E6EC-81FD-4982-AC18-1CB4BA32DE86}.Release|Any CPU.Build.0 = Release|Any CPU
		{3FE153D8-46FF-4565-B10A-45DA0F59BD4B}.Debug|Any CPU.ActiveCfg = Debug|Any CPU
		{3FE153D8-46FF-4565-B10A-45DA0F59BD4B}.Debug|Any CPU.Build.0 = Debug|Any CPU
		{3FE153D8-46FF-4565-B10A-45DA0F59BD4B}.Release|Any CPU.ActiveCfg = Release|Any CPU
		{3FE153D8-46FF-4565-B10A-45DA0F59BD4B}.Release|Any CPU.Build.0 = Release|Any CPU
		{DF11D4E4-79A7-4FB8-B5D3-9F9004014EF2}.Debug|Any CPU.ActiveCfg = Debug|Any CPU
		{DF11D4E4-79A7-4FB8-B5D3-9F9004014EF2}.Debug|Any CPU.Build.0 = Debug|Any CPU
		{DF11D4E4-79A7-4FB8-B5D3-9F9004014EF2}.Release|Any CPU.ActiveCfg = Release|Any CPU
		{DF11D4E4-79A7-4FB8-B5D3-9F9004014EF2}.Release|Any CPU.Build.0 = Release|Any CPU
		{22366BD4-1DF6-4EFF-B984-F1BEC5AEBB0B}.Debug|Any CPU.ActiveCfg = Debug|Any CPU
		{22366BD4-1DF6-4EFF-B984-F1BEC5AEBB0B}.Debug|Any CPU.Build.0 = Debug|Any CPU
		{22366BD4-1DF6-4EFF-B984-F1BEC5AEBB0B}.Release|Any CPU.ActiveCfg = Release|Any CPU
		{22366BD4-1DF6-4EFF-B984-F1BEC5AEBB0B}.Release|Any CPU.Build.0 = Release|Any CPU
		{C572C55E-E2E6-460D-8A96-922EBAA3F686}.Debug|Any CPU.ActiveCfg = Debug|Any CPU
		{C572C55E-E2E6-460D-8A96-922EBAA3F686}.Debug|Any CPU.Build.0 = Debug|Any CPU
		{C572C55E-E2E6-460D-8A96-922EBAA3F686}.Release|Any CPU.ActiveCfg = Release|Any CPU
		{C572C55E-E2E6-460D-8A96-922EBAA3F686}.Release|Any CPU.Build.0 = Release|Any CPU
	EndGlobalSection
	GlobalSection(SolutionProperties) = preSolution
		HideSolutionNode = FALSE
	EndGlobalSection
	GlobalSection(ExtensibilityGlobals) = postSolution
		SolutionGuid = {BF37560E-49A7-444D-A53A-4D47E9631883}
	EndGlobalSection
EndGlobal
